
Microsoft Visual Studio Solution File, Format Version 12.00
# Visual Studio Version 17
VisualStudioVersion = 17.2.32616.157
MinimumVisualStudioVersion = 10.0.40219.1
Project("{FAE04EC0-301F-11D3-BF4B-00C04F79EFBC}") = "HelloMyCSharp08", "HelloMyCSharp08\HelloMyCSharp08.csproj", "{19C18B0E-A968-40D6-AA1C-62214CD05754}"
EndProject
Project("{FAE04EC0-301F-11D3-BF4B-00C04F79EFBC}") = "HelloMyCSharp08_01", "HelloMyCSharp08_01\HelloMyCSharp08_01.csproj", "{DA24FD99-38AB-4E2C-88CA-9FBD16163298}"
EndProject
Project("{FAE04EC0-301F-11D3-BF4B-00C04F79EFBC}") = "HelloMyCSharp08_02", "HelloMyCSharp08_02\HelloMyCSharp08_02.csproj", "{061E7695-E160-44A3-8992-4AC0FEDFEAF8}"
EndProject
Project("{FAE04EC0-301F-11D3-BF4B-00C04F79EFBC}") = "HelloMyCSharp08_03", "HelloMyCSharp08_03\HelloMyCSharp08_03.csproj", "{EFCBCBBA-FD50-4533-9E99-4FDCE50FFAD1}"
EndProject
Project("{FAE04EC0-301F-11D3-BF4B-00C04F79EFBC}") = "HelloMyCSharp08_04", "HelloMyCSharp08_04\HelloMyCSharp08_04.csproj", "{483E4990-F0BD-4836-80C5-27BBE6A112C7}"
EndProject
Global
	GlobalSection(SolutionConfigurationPlatforms) = preSolution
		Debug|Any CPU = Debug|Any CPU
		Release|Any CPU = Release|Any CPU
	EndGlobalSection
	GlobalSection(ProjectConfigurationPlatforms) = postSolution
		{19C18B0E-A968-40D6-AA1C-62214CD05754}.Debug|Any CPU.ActiveCfg = Debug|Any CPU
		{19C18B0E-A968-40D6-AA1C-62214CD05754}.Debug|Any CPU.Build.0 = Debug|Any CPU
		{19C18B0E-A968-40D6-AA1C-62214CD05754}.Release|Any CPU.ActiveCfg = Release|Any CPU
		{19C18B0E-A968-40D6-AA1C-62214CD05754}.Release|Any CPU.Build.0 = Release|Any CPU
		{DA24FD99-38AB-4E2C-88CA-9FBD16163298}.Debug|Any CPU.ActiveCfg = Debug|Any CPU
		{DA24FD99-38AB-4E2C-88CA-9FBD16163298}.Debug|Any CPU.Build.0 = Debug|Any CPU
		{DA24FD99-38AB-4E2C-88CA-9FBD16163298}.Release|Any CPU.ActiveCfg = Release|Any CPU
		{DA24FD99-38AB-4E2C-88CA-9FBD16163298}.Release|Any CPU.Build.0 = Release|Any CPU
		{061E7695-E160-44A3-8992-4AC0FEDFEAF8}.Debug|Any CPU.ActiveCfg = Debug|Any CPU
		{061E7695-E160-44A3-8992-4AC0FEDFEAF8}.Debug|Any CPU.Build.0 = Debug|Any CPU
		{061E7695-E160-44A3-8992-4AC0FEDFEAF8}.Release|Any CPU.ActiveCfg = Release|Any CPU
		{061E7695-E160-44A3-8992-4AC0FEDFEAF8}.Release|Any CPU.Build.0 = Release|Any CPU
		{EFCBCBBA-FD50-4533-9E99-4FDCE50FFAD1}.Debug|Any CPU.ActiveCfg = Debug|Any CPU
		{EFCBCBBA-FD50-4533-9E99-4FDCE50FFAD1}.Debug|Any CPU.Build.0 = Debug|Any CPU
		{EFCBCBBA-FD50-4533-9E99-4FDCE50FFAD1}.Release|Any CPU.ActiveCfg = Release|Any CPU
		{EFCBCBBA-FD50-4533-9E99-4FDCE50FFAD1}.Release|Any CPU.Build.0 = Release|Any CPU
		{483E4990-F0BD-4836-80C5-27BBE6A112C7}.Debug|Any CPU.ActiveCfg = Debug|Any CPU
		{483E4990-F0BD-4836-80C5-27BBE6A112C7}.Debug|Any CPU.Build.0 = Debug|Any CPU
		{483E4990-F0BD-4836-80C5-27BBE6A112C7}.Release|Any CPU.ActiveCfg = Release|Any CPU
		{483E4990-F0BD-4836-80C5-27BBE6A112C7}.Release|Any CPU.Build.0 = Release|Any CPU
	EndGlobalSection
	GlobalSection(SolutionProperties) = preSolution
		HideSolutionNode = FALSE
	EndGlobalSection
	GlobalSection(ExtensibilityGlobals) = postSolution
		SolutionGuid = {5A66AEE5-FEE6-479B-B866-5A9FB8DB0E04}
	EndGlobalSection
EndGlobal
