
Microsoft Visual Studio Solution File, Format Version 12.00
# Visual Studio Version 17
VisualStudioVersion = 17.2.32616.157
MinimumVisualStudioVersion = 10.0.40219.1
Project("{FAE04EC0-301F-11D3-BF4B-00C04F79EFBC}") = "04_AvastUI", "04_AvastUI\04_AvastUI.csproj", "{25D7DD4E-22FC-4590-A3DA-D28B0822B726}"
EndProject
Project("{FAE04EC0-301F-11D3-BF4B-00C04F79EFBC}") = "MyimageButton", "WindowsFormsControlLibrary1\MyimageButton.csproj", "{7AA8DF76-BE2D-42C4-800F-70D588D1D192}"
EndProject
Global
	GlobalSection(SolutionConfigurationPlatforms) = preSolution
		Debug|Any CPU = Debug|Any CPU
		Release|Any CPU = Release|Any CPU
	EndGlobalSection
	GlobalSection(ProjectConfigurationPlatforms) = postSolution
		{25D7DD4E-22FC-4590-A3DA-D28B0822B726}.Debug|Any CPU.ActiveCfg = Debug|Any CPU
		{25D7DD4E-22FC-4590-A3DA-D28B0822B726}.Debug|Any CPU.Build.0 = Debug|Any CPU
		{25D7DD4E-22FC-4590-A3DA-D28B0822B726}.Release|Any CPU.ActiveCfg = Release|Any CPU
		{25D7DD4E-22FC-4590-A3DA-D28B0822B726}.Release|Any CPU.Build.0 = Release|Any CPU
		{7AA8DF76-BE2D-42C4-800F-70D588D1D192}.Debug|Any CPU.ActiveCfg = Debug|Any CPU
		{7AA8DF76-BE2D-42C4-800F-70D588D1D192}.Debug|Any CPU.Build.0 = Debug|Any CPU
		{7AA8DF76-BE2D-42C4-800F-70D588D1D192}.Release|Any CPU.ActiveCfg = Release|Any CPU
		{7AA8DF76-BE2D-42C4-800F-70D588D1D192}.Release|Any CPU.Build.0 = Release|Any CPU
	EndGlobalSection
	GlobalSection(SolutionProperties) = preSolution
		HideSolutionNode = FALSE
	EndGlobalSection
	GlobalSection(ExtensibilityGlobals) = postSolution
		SolutionGuid = {43E087CE-BE6F-4AEF-ABC4-F6EB492775B7}
	EndGlobalSection
EndGlobal
