
Microsoft Visual Studio Solution File, Format Version 12.00
# Visual Studio Version 17
VisualStudioVersion = 17.2.32616.157
MinimumVisualStudioVersion = 10.0.40219.1
Project("{FAE04EC0-301F-11D3-BF4B-00C04F79EFBC}") = "HelloMyCSharp05", "HelloMyCSharp05\HelloMyCSharp05.csproj", "{137C6A05-4C9F-43D9-9BBE-45C42C8B9BE9}"
EndProject
Project("{FAE04EC0-301F-11D3-BF4B-00C04F79EFBC}") = "HelloMyCSharp05_01", "HelloMyCSharp05_01\HelloMyCSharp05_01.csproj", "{BF570080-A01B-4150-B49A-06726773D0B9}"
EndProject
Project("{FAE04EC0-301F-11D3-BF4B-00C04F79EFBC}") = "HelloMyCSharp05_02", "HelloMyCSharp05_02\HelloMyCSharp05_02.csproj", "{DC386878-E32C-4FB7-80B6-F790F4D93900}"
EndProject
Project("{FAE04EC0-301F-11D3-BF4B-00C04F79EFBC}") = "HelloMyCSharp05_03", "HelloMyCSharp05_03\HelloMyCSharp05_03.csproj", "{AFB52D6B-22EE-4797-917F-52CCC366B5CF}"
EndProject
Project("{FAE04EC0-301F-11D3-BF4B-00C04F79EFBC}") = "HelloMyCSharp05_04_lotto", "HelloMyCSharp05_04_lotto\HelloMyCSharp05_04_lotto.csproj", "{BF15CDF7-6612-4F0E-A371-DFE300121506}"
EndProject
Global
	GlobalSection(SolutionConfigurationPlatforms) = preSolution
		Debug|Any CPU = Debug|Any CPU
		Release|Any CPU = Release|Any CPU
	EndGlobalSection
	GlobalSection(ProjectConfigurationPlatforms) = postSolution
		{137C6A05-4C9F-43D9-9BBE-45C42C8B9BE9}.Debug|Any CPU.ActiveCfg = Debug|Any CPU
		{137C6A05-4C9F-43D9-9BBE-45C42C8B9BE9}.Debug|Any CPU.Build.0 = Debug|Any CPU
		{137C6A05-4C9F-43D9-9BBE-45C42C8B9BE9}.Release|Any CPU.ActiveCfg = Release|Any CPU
		{137C6A05-4C9F-43D9-9BBE-45C42C8B9BE9}.Release|Any CPU.Build.0 = Release|Any CPU
		{BF570080-A01B-4150-B49A-06726773D0B9}.Debug|Any CPU.ActiveCfg = Debug|Any CPU
		{BF570080-A01B-4150-B49A-06726773D0B9}.Debug|Any CPU.Build.0 = Debug|Any CPU
		{BF570080-A01B-4150-B49A-06726773D0B9}.Release|Any CPU.ActiveCfg = Release|Any CPU
		{BF570080-A01B-4150-B49A-06726773D0B9}.Release|Any CPU.Build.0 = Release|Any CPU
		{DC386878-E32C-4FB7-80B6-F790F4D93900}.Debug|Any CPU.ActiveCfg = Debug|Any CPU
		{DC386878-E32C-4FB7-80B6-F790F4D93900}.Debug|Any CPU.Build.0 = Debug|Any CPU
		{DC386878-E32C-4FB7-80B6-F790F4D93900}.Release|Any CPU.ActiveCfg = Release|Any CPU
		{DC386878-E32C-4FB7-80B6-F790F4D93900}.Release|Any CPU.Build.0 = Release|Any CPU
		{AFB52D6B-22EE-4797-917F-52CCC366B5CF}.Debug|Any CPU.ActiveCfg = Debug|Any CPU
		{AFB52D6B-22EE-4797-917F-52CCC366B5CF}.Debug|Any CPU.Build.0 = Debug|Any CPU
		{AFB52D6B-22EE-4797-917F-52CCC366B5CF}.Release|Any CPU.ActiveCfg = Release|Any CPU
		{AFB52D6B-22EE-4797-917F-52CCC366B5CF}.Release|Any CPU.Build.0 = Release|Any CPU
		{BF15CDF7-6612-4F0E-A371-DFE300121506}.Debug|Any CPU.ActiveCfg = Debug|Any CPU
		{BF15CDF7-6612-4F0E-A371-DFE300121506}.Debug|Any CPU.Build.0 = Debug|Any CPU
		{BF15CDF7-6612-4F0E-A371-DFE300121506}.Release|Any CPU.ActiveCfg = Release|Any CPU
		{BF15CDF7-6612-4F0E-A371-DFE300121506}.Release|Any CPU.Build.0 = Release|Any CPU
	EndGlobalSection
	GlobalSection(SolutionProperties) = preSolution
		HideSolutionNode = FALSE
	EndGlobalSection
	GlobalSection(ExtensibilityGlobals) = postSolution
		SolutionGuid = {59412B55-700D-4727-A70E-DD5D99A07035}
	EndGlobalSection
EndGlobal
