
Microsoft Visual Studio Solution File, Format Version 12.00
# Visual Studio Version 17
VisualStudioVersion = 17.2.32616.157
MinimumVisualStudioVersion = 10.0.40219.1
Project("{FAE04EC0-301F-11D3-BF4B-00C04F79EFBC}") = "03_MultiColoredModernUI", "03_MultiColoredModernUI\03_MultiColoredModernUI.csproj", "{301F0E72-E3A7-42C3-BED3-2D91BC709B6E}"
EndProject
Global
	GlobalSection(SolutionConfigurationPlatforms) = preSolution
		Debug|Any CPU = Debug|Any CPU
		Release|Any CPU = Release|Any CPU
	EndGlobalSection
	GlobalSection(ProjectConfigurationPlatforms) = postSolution
		{301F0E72-E3A7-42C3-BED3-2D91BC709B6E}.Debug|Any CPU.ActiveCfg = Debug|Any CPU
		{301F0E72-E3A7-42C3-BED3-2D91BC709B6E}.Debug|Any CPU.Build.0 = Debug|Any CPU
		{301F0E72-E3A7-42C3-BED3-2D91BC709B6E}.Release|Any CPU.ActiveCfg = Release|Any CPU
		{301F0E72-E3A7-42C3-BED3-2D91BC709B6E}.Release|Any CPU.Build.0 = Release|Any CPU
	EndGlobalSection
	GlobalSection(SolutionProperties) = preSolution
		HideSolutionNode = FALSE
	EndGlobalSection
	GlobalSection(ExtensibilityGlobals) = postSolution
		SolutionGuid = {82FCA195-FC82-49C6-B843-823E5347B624}
	EndGlobalSection
EndGlobal
