
Microsoft Visual Studio Solution File, Format Version 12.00
# Visual Studio Version 17
VisualStudioVersion = 17.2.32616.157
MinimumVisualStudioVersion = 10.0.40219.1
Project("{FAE04EC0-301F-11D3-BF4B-00C04F79EFBC}") = "HelloCstudy11_Tue_WindowsForms", "HelloCstudy11_Tue_WindowsForms\HelloCstudy11_Tue_WindowsForms.csproj", "{AF7BEB25-FE53-4DC7-88A0-B908981A9FD0}"
EndProject
Global
	GlobalSection(SolutionConfigurationPlatforms) = preSolution
		Debug|Any CPU = Debug|Any CPU
		Release|Any CPU = Release|Any CPU
	EndGlobalSection
	GlobalSection(ProjectConfigurationPlatforms) = postSolution
		{AF7BEB25-FE53-4DC7-88A0-B908981A9FD0}.Debug|Any CPU.ActiveCfg = Debug|Any CPU
		{AF7BEB25-FE53-4DC7-88A0-B908981A9FD0}.Debug|Any CPU.Build.0 = Debug|Any CPU
		{AF7BEB25-FE53-4DC7-88A0-B908981A9FD0}.Release|Any CPU.ActiveCfg = Release|Any CPU
		{AF7BEB25-FE53-4DC7-88A0-B908981A9FD0}.Release|Any CPU.Build.0 = Release|Any CPU
	EndGlobalSection
	GlobalSection(SolutionProperties) = preSolution
		HideSolutionNode = FALSE
	EndGlobalSection
	GlobalSection(ExtensibilityGlobals) = postSolution
		SolutionGuid = {2663916F-FF72-4586-B06B-516CEB3D4996}
	EndGlobalSection
EndGlobal
